
Microsoft Visual Studio Solution File, Format Version 12.00
# Visual Studio 2013
VisualStudioVersion = 12.0.21005.1
MinimumVisualStudioVersion = 10.0.40219.1
Project("{FAE04EC0-301F-11D3-BF4B-00C04F79EFBC}") = "HwPassion.Web", "HwPassion.Web\HwPassion.Web.csproj", "{6969C16C-A637-4619-B515-E263B4AFFA62}"
EndProject
Project("{FAE04EC0-301F-11D3-BF4B-00C04F79EFBC}") = "HwPassion.Web.Tests", "HwPassion.Web.Tests\HwPassion.Web.Tests.csproj", "{27B1B583-E438-4657-AB3A-61920E36F1B5}"
EndProject
Project("{2150E333-8FDC-42A3-9474-1A3956D46DE8}") = "Web", "Web", "{3FF6F4D7-90DD-4A74-8D7B-44B989DB930E}"
EndProject
Project("{FAE04EC0-301F-11D3-BF4B-00C04F79EFBC}") = "HwPassion.Web.Core", "HwPassion.Web.Core\HwPassion.Web.Core.csproj", "{17282D16-74BF-4979-8ECB-6CBF3F5865C5}"
EndProject
Project("{2150E333-8FDC-42A3-9474-1A3956D46DE8}") = "Database", "Database", "{823C93B8-9DDD-46C4-8C7F-760E8433843F}"
EndProject
Project("{00D1A9C2-B5F0-4AF3-8072-F6C62B433612}") = "HwPassionDb", "HwPassionDb\HwPassionDb.sqlproj", "{577946C5-E956-44D3-9BB3-38EB54D89C02}"
EndProject
Project("{FAE04EC0-301F-11D3-BF4B-00C04F79EFBC}") = "HwPassion.Model", "HwPassion.Model\HwPassion.Model.csproj", "{7EF58A54-0852-4D29-8289-E7114850E2A3}"
EndProject
Project("{2150E333-8FDC-42A3-9474-1A3956D46DE8}") = "Libaray", "Libaray", "{899879E2-1592-494C-A0C5-EFBF037F1D22}"
EndProject
Project("{FAE04EC0-301F-11D3-BF4B-00C04F79EFBC}") = "HwPassion.ApplicaitonService", "HwPassion.ApplicaitonService\HwPassion.ApplicaitonService.csproj", "{D285B2BC-B690-40B0-9F17-FEEBC9644A33}"
EndProject
Project("{FAE04EC0-301F-11D3-BF4B-00C04F79EFBC}") = "HwPassion.Infrastructure", "HwPassion.Infrastructure\HwPassion.Infrastructure.csproj", "{01EAA10A-802E-409F-9085-FB7F2916EB04}"
EndProject
Global
	GlobalSection(SolutionConfigurationPlatforms) = preSolution
		Debug|Any CPU = Debug|Any CPU
		Release|Any CPU = Release|Any CPU
	EndGlobalSection
	GlobalSection(ProjectConfigurationPlatforms) = postSolution
		{6969C16C-A637-4619-B515-E263B4AFFA62}.Debug|Any CPU.ActiveCfg = Debug|Any CPU
		{6969C16C-A637-4619-B515-E263B4AFFA62}.Debug|Any CPU.Build.0 = Debug|Any CPU
		{6969C16C-A637-4619-B515-E263B4AFFA62}.Release|Any CPU.ActiveCfg = Release|Any CPU
		{6969C16C-A637-4619-B515-E263B4AFFA62}.Release|Any CPU.Build.0 = Release|Any CPU
		{27B1B583-E438-4657-AB3A-61920E36F1B5}.Debug|Any CPU.ActiveCfg = Debug|Any CPU
		{27B1B583-E438-4657-AB3A-61920E36F1B5}.Debug|Any CPU.Build.0 = Debug|Any CPU
		{27B1B583-E438-4657-AB3A-61920E36F1B5}.Release|Any CPU.ActiveCfg = Release|Any CPU
		{27B1B583-E438-4657-AB3A-61920E36F1B5}.Release|Any CPU.Build.0 = Release|Any CPU
		{17282D16-74BF-4979-8ECB-6CBF3F5865C5}.Debug|Any CPU.ActiveCfg = Debug|Any CPU
		{17282D16-74BF-4979-8ECB-6CBF3F5865C5}.Debug|Any CPU.Build.0 = Debug|Any CPU
		{17282D16-74BF-4979-8ECB-6CBF3F5865C5}.Release|Any CPU.ActiveCfg = Release|Any CPU
		{17282D16-74BF-4979-8ECB-6CBF3F5865C5}.Release|Any CPU.Build.0 = Release|Any CPU
		{577946C5-E956-44D3-9BB3-38EB54D89C02}.Debug|Any CPU.ActiveCfg = Debug|Any CPU
		{577946C5-E956-44D3-9BB3-38EB54D89C02}.Debug|Any CPU.Build.0 = Debug|Any CPU
		{577946C5-E956-44D3-9BB3-38EB54D89C02}.Debug|Any CPU.Deploy.0 = Debug|Any CPU
		{577946C5-E956-44D3-9BB3-38EB54D89C02}.Release|Any CPU.ActiveCfg = Release|Any CPU
		{577946C5-E956-44D3-9BB3-38EB54D89C02}.Release|Any CPU.Build.0 = Release|Any CPU
		{577946C5-E956-44D3-9BB3-38EB54D89C02}.Release|Any CPU.Deploy.0 = Release|Any CPU
		{7EF58A54-0852-4D29-8289-E7114850E2A3}.Debug|Any CPU.ActiveCfg = Debug|Any CPU
		{7EF58A54-0852-4D29-8289-E7114850E2A3}.Debug|Any CPU.Build.0 = Debug|Any CPU
		{7EF58A54-0852-4D29-8289-E7114850E2A3}.Release|Any CPU.ActiveCfg = Release|Any CPU
		{7EF58A54-0852-4D29-8289-E7114850E2A3}.Release|Any CPU.Build.0 = Release|Any CPU
		{D285B2BC-B690-40B0-9F17-FEEBC9644A33}.Debug|Any CPU.ActiveCfg = Debug|Any CPU
		{D285B2BC-B690-40B0-9F17-FEEBC9644A33}.Debug|Any CPU.Build.0 = Debug|Any CPU
		{D285B2BC-B690-40B0-9F17-FEEBC9644A33}.Release|Any CPU.ActiveCfg = Release|Any CPU
		{D285B2BC-B690-40B0-9F17-FEEBC9644A33}.Release|Any CPU.Build.0 = Release|Any CPU
		{01EAA10A-802E-409F-9085-FB7F2916EB04}.Debug|Any CPU.ActiveCfg = Debug|Any CPU
		{01EAA10A-802E-409F-9085-FB7F2916EB04}.Debug|Any CPU.Build.0 = Debug|Any CPU
		{01EAA10A-802E-409F-9085-FB7F2916EB04}.Release|Any CPU.ActiveCfg = Release|Any CPU
		{01EAA10A-802E-409F-9085-FB7F2916EB04}.Release|Any CPU.Build.0 = Release|Any CPU
	EndGlobalSection
	GlobalSection(SolutionProperties) = preSolution
		HideSolutionNode = FALSE
	EndGlobalSection
	GlobalSection(NestedProjects) = preSolution
		{27B1B583-E438-4657-AB3A-61920E36F1B5} = {3FF6F4D7-90DD-4A74-8D7B-44B989DB930E}
		{6969C16C-A637-4619-B515-E263B4AFFA62} = {3FF6F4D7-90DD-4A74-8D7B-44B989DB930E}
		{17282D16-74BF-4979-8ECB-6CBF3F5865C5} = {3FF6F4D7-90DD-4A74-8D7B-44B989DB930E}
		{577946C5-E956-44D3-9BB3-38EB54D89C02} = {823C93B8-9DDD-46C4-8C7F-760E8433843F}
		{7EF58A54-0852-4D29-8289-E7114850E2A3} = {899879E2-1592-494C-A0C5-EFBF037F1D22}
		{D285B2BC-B690-40B0-9F17-FEEBC9644A33} = {899879E2-1592-494C-A0C5-EFBF037F1D22}
		{01EAA10A-802E-409F-9085-FB7F2916EB04} = {899879E2-1592-494C-A0C5-EFBF037F1D22}
	EndGlobalSection
EndGlobal
